
Microsoft Visual Studio Solution File, Format Version 12.00
# Visual Studio Version 17
VisualStudioVersion = 17.10.35027.167
MinimumVisualStudioVersion = 10.0.40219.1
Project("{9A19103F-16F7-4668-BE54-9A1E7A4F7556}") = "ado", "ado\ado.csproj", "{034F6F21-17A1-4773-8671-0BF6AAD11D9A}"
EndProject
Project("{9A19103F-16F7-4668-BE54-9A1E7A4F7556}") = "dapperOrm", "dapperOrm\dapperOrm.csproj", "{94BAC3B9-2A7A-4841-8823-0EE9689542C5}"
EndProject
Project("{9A19103F-16F7-4668-BE54-9A1E7A4F7556}") = "efcoreOrm", "efcoreOrm\efcoreOrm.csproj", "{5A5EFD6F-6F1B-46D2-BC74-F6E7AB6B7458}"
EndProject
Project("{9A19103F-16F7-4668-BE54-9A1E7A4F7556}") = "ReverseEngineering", "ReverseEngineering\ReverseEngineering.csproj", "{900BF88B-A1C4-47C7-93D6-A5E56A472745}"
EndProject
Project("{9A19103F-16F7-4668-BE54-9A1E7A4F7556}") = "EntityTypes and Mapping", "DataTypes and Mapping\EntityTypes and Mapping.csproj", "{19CC10B9-1C2A-4C4E-9AC8-9D851B56F553}"
EndProject
Project("{9A19103F-16F7-4668-BE54-9A1E7A4F7556}") = "CodeFirstMigrations", "CodeFirstMigrations\CodeFirstMigrations.csproj", "{7C5D8A34-11A7-412B-99AC-D7712F6A25ED}"
EndProject
Project("{2150E333-8FDC-42A3-9474-1A3956D46DE8}") = "EFCore", "EFCore", "{87599F90-E6B2-48C6-9706-12799A9B6594}"
EndProject
Project("{FAE04EC0-301F-11D3-BF4B-00C04F79EFBC}") = "QueryData", "QueryData\QueryData.csproj", "{D96FCCDB-BCBA-4FB3-86A2-3DBD5D1A1E49}"
EndProject
Global
	GlobalSection(SolutionConfigurationPlatforms) = preSolution
		Debug|Any CPU = Debug|Any CPU
		Release|Any CPU = Release|Any CPU
	EndGlobalSection
	GlobalSection(ProjectConfigurationPlatforms) = postSolution
		{034F6F21-17A1-4773-8671-0BF6AAD11D9A}.Debug|Any CPU.ActiveCfg = Debug|Any CPU
		{034F6F21-17A1-4773-8671-0BF6AAD11D9A}.Debug|Any CPU.Build.0 = Debug|Any CPU
		{034F6F21-17A1-4773-8671-0BF6AAD11D9A}.Release|Any CPU.ActiveCfg = Release|Any CPU
		{034F6F21-17A1-4773-8671-0BF6AAD11D9A}.Release|Any CPU.Build.0 = Release|Any CPU
		{94BAC3B9-2A7A-4841-8823-0EE9689542C5}.Debug|Any CPU.ActiveCfg = Debug|Any CPU
		{94BAC3B9-2A7A-4841-8823-0EE9689542C5}.Debug|Any CPU.Build.0 = Debug|Any CPU
		{94BAC3B9-2A7A-4841-8823-0EE9689542C5}.Release|Any CPU.ActiveCfg = Release|Any CPU
		{94BAC3B9-2A7A-4841-8823-0EE9689542C5}.Release|Any CPU.Build.0 = Release|Any CPU
		{5A5EFD6F-6F1B-46D2-BC74-F6E7AB6B7458}.Debug|Any CPU.ActiveCfg = Debug|Any CPU
		{5A5EFD6F-6F1B-46D2-BC74-F6E7AB6B7458}.Debug|Any CPU.Build.0 = Debug|Any CPU
		{5A5EFD6F-6F1B-46D2-BC74-F6E7AB6B7458}.Release|Any CPU.ActiveCfg = Release|Any CPU
		{5A5EFD6F-6F1B-46D2-BC74-F6E7AB6B7458}.Release|Any CPU.Build.0 = Release|Any CPU
		{900BF88B-A1C4-47C7-93D6-A5E56A472745}.Debug|Any CPU.ActiveCfg = Debug|Any CPU
		{900BF88B-A1C4-47C7-93D6-A5E56A472745}.Debug|Any CPU.Build.0 = Debug|Any CPU
		{900BF88B-A1C4-47C7-93D6-A5E56A472745}.Release|Any CPU.ActiveCfg = Release|Any CPU
		{900BF88B-A1C4-47C7-93D6-A5E56A472745}.Release|Any CPU.Build.0 = Release|Any CPU
		{19CC10B9-1C2A-4C4E-9AC8-9D851B56F553}.Debug|Any CPU.ActiveCfg = Debug|Any CPU
		{19CC10B9-1C2A-4C4E-9AC8-9D851B56F553}.Debug|Any CPU.Build.0 = Debug|Any CPU
		{19CC10B9-1C2A-4C4E-9AC8-9D851B56F553}.Release|Any CPU.ActiveCfg = Release|Any CPU
		{19CC10B9-1C2A-4C4E-9AC8-9D851B56F553}.Release|Any CPU.Build.0 = Release|Any CPU
		{7C5D8A34-11A7-412B-99AC-D7712F6A25ED}.Debug|Any CPU.ActiveCfg = Debug|Any CPU
		{7C5D8A34-11A7-412B-99AC-D7712F6A25ED}.Debug|Any CPU.Build.0 = Debug|Any CPU
		{7C5D8A34-11A7-412B-99AC-D7712F6A25ED}.Release|Any CPU.ActiveCfg = Release|Any CPU
		{7C5D8A34-11A7-412B-99AC-D7712F6A25ED}.Release|Any CPU.Build.0 = Release|Any CPU
		{D96FCCDB-BCBA-4FB3-86A2-3DBD5D1A1E49}.Debug|Any CPU.ActiveCfg = Debug|Any CPU
		{D96FCCDB-BCBA-4FB3-86A2-3DBD5D1A1E49}.Debug|Any CPU.Build.0 = Debug|Any CPU
		{D96FCCDB-BCBA-4FB3-86A2-3DBD5D1A1E49}.Release|Any CPU.ActiveCfg = Release|Any CPU
		{D96FCCDB-BCBA-4FB3-86A2-3DBD5D1A1E49}.Release|Any CPU.Build.0 = Release|Any CPU
	EndGlobalSection
	GlobalSection(SolutionProperties) = preSolution
		HideSolutionNode = FALSE
	EndGlobalSection
	GlobalSection(NestedProjects) = preSolution
		{5A5EFD6F-6F1B-46D2-BC74-F6E7AB6B7458} = {87599F90-E6B2-48C6-9706-12799A9B6594}
		{900BF88B-A1C4-47C7-93D6-A5E56A472745} = {87599F90-E6B2-48C6-9706-12799A9B6594}
		{19CC10B9-1C2A-4C4E-9AC8-9D851B56F553} = {87599F90-E6B2-48C6-9706-12799A9B6594}
		{7C5D8A34-11A7-412B-99AC-D7712F6A25ED} = {87599F90-E6B2-48C6-9706-12799A9B6594}
		{D96FCCDB-BCBA-4FB3-86A2-3DBD5D1A1E49} = {87599F90-E6B2-48C6-9706-12799A9B6594}
	EndGlobalSection
	GlobalSection(ExtensibilityGlobals) = postSolution
		SolutionGuid = {655529F4-BEC1-49A3-AB38-6A3149288A57}
	EndGlobalSection
EndGlobal
